
Microsoft Visual Studio Solution File, Format Version 12.00
# Visual Studio Version 17
VisualStudioVersion = 17.0.31903.59
MinimumVisualStudioVersion = 10.0.40219.1
Project("{FAE04EC0-301F-11D3-BF4B-00C04F79EFBC}") = "Warehouse", "Warehouse\Warehouse.csproj", "{308DE96F-3941-490C-BC32-EBA641CB1AB8}"
EndProject
Global
	GlobalSection(SolutionConfigurationPlatforms) = preSolution
		Debug|Any CPU = Debug|Any CPU
		Release|Any CPU = Release|Any CPU
	EndGlobalSection
	GlobalSection(ProjectConfigurationPlatforms) = postSolution
		{308DE96F-3941-490C-BC32-EBA641CB1AB8}.Debug|Any CPU.ActiveCfg = Debug|Any CPU
		{308DE96F-3941-490C-BC32-EBA641CB1AB8}.Debug|Any CPU.Build.0 = Debug|Any CPU
		{308DE96F-3941-490C-BC32-EBA641CB1AB8}.Release|Any CPU.ActiveCfg = Release|Any CPU
		{308DE96F-3941-490C-BC32-EBA641CB1AB8}.Release|Any CPU.Build.0 = Release|Any CPU
	EndGlobalSection
	GlobalSection(SolutionProperties) = preSolution
		HideSolutionNode = FALSE
	EndGlobalSection
	GlobalSection(ExtensibilityGlobals) = postSolution
		SolutionGuid = {A429F09D-DC36-42C4-99CC-42AB4C057703}
	EndGlobalSection
EndGlobal
